
Microsoft Visual Studio Solution File, Format Version 12.00
# Visual Studio 15
VisualStudioVersion = 15.0.28307.852
MinimumVisualStudioVersion = 10.0.40219.1
Project("{8BC9CEB8-8B4A-11D0-8D11-00A0C91BC942}") = "Linker", "src\Linker\Linker.vcxproj", "{A70826FD-9A3E-498C-B5D6-585C4DA14FEB}"
	ProjectSection(ProjectDependencies) = postProject
		{C3308B0A-D7C7-4560-B5F7-3654DD4B668D} = {C3308B0A-D7C7-4560-B5F7-3654DD4B668D}
		{2A92076F-6DFD-4FB1-9E6A-4542B4B049C7} = {2A92076F-6DFD-4FB1-9E6A-4542B4B049C7}
	EndProjectSection
EndProject
Project("{2150E333-8FDC-42A3-9474-1A3956D46DE8}") = "Tools", "Tools", "{EB945BC9-2451-4AB5-B434-BD07FAA2D06A}"
EndProject
Project("{2150E333-8FDC-42A3-9474-1A3956D46DE8}") = "ThirdParty", "ThirdParty", "{562895A0-B72F-4A89-9A10-DF97A5D35269}"
EndProject
Project("{2150E333-8FDC-42A3-9474-1A3956D46DE8}") = "Components", "Components", "{6C048B51-3E90-45B8-8376-F3FFB5E216FC}"
EndProject
Project("{8BC9CEB8-8B4A-11D0-8D11-00A0C91BC942}") = "ZoneCommon", "src\ZoneCommon\ZoneCommon.vcxproj", "{2A92076F-6DFD-4FB1-9E6A-4542B4B049C7}"
EndProject
Project("{8BC9CEB8-8B4A-11D0-8D11-00A0C91BC942}") = "ZoneLoading", "src\ZoneLoading\ZoneLoading.vcxproj", "{C3308B0A-D7C7-4560-B5F7-3654DD4B668D}"
	ProjectSection(ProjectDependencies) = postProject
		{FC57DC08-3496-4DCF-B52F-6EDC568B333C} = {FC57DC08-3496-4DCF-B52F-6EDC568B333C}
		{757FB12A-B410-4B76-B525-2D11A14DAD9D} = {757FB12A-B410-4B76-B525-2D11A14DAD9D}
		{D1C20C32-9CB8-44B8-9DF7-F0CF8FB304D3} = {D1C20C32-9CB8-44B8-9DF7-F0CF8FB304D3}
		{2A92076F-6DFD-4FB1-9E6A-4542B4B049C7} = {2A92076F-6DFD-4FB1-9E6A-4542B4B049C7}
		{8D511FF0-0294-47EE-9AC4-BD9FE5DCC681} = {8D511FF0-0294-47EE-9AC4-BD9FE5DCC681}
	EndProjectSection
EndProject
Project("{8BC9CEB8-8B4A-11D0-8D11-00A0C91BC942}") = "ZoneWriting", "src\ZoneWriting\ZoneWriting.vcxproj", "{B92A6638-68F9-45D2-AB03-6ED69E349381}"
	ProjectSection(ProjectDependencies) = postProject
		{D1C20C32-9CB8-44B8-9DF7-F0CF8FB304D3} = {D1C20C32-9CB8-44B8-9DF7-F0CF8FB304D3}
		{2A92076F-6DFD-4FB1-9E6A-4542B4B049C7} = {2A92076F-6DFD-4FB1-9E6A-4542B4B049C7}
	EndProjectSection
EndProject
Project("{FAE04EC0-301F-11D3-BF4B-00C04F79EFBC}") = "ZoneCodeGenerator", "src\ZoneCodeGenerator\ZoneCodeGenerator.csproj", "{D1C20C32-9CB8-44B8-9DF7-F0CF8FB304D3}"
EndProject
Project("{2150E333-8FDC-42A3-9474-1A3956D46DE8}") = "Tests", "Tests", "{4D65E9A0-1798-4E93-A12F-128FFDC6A690}"
EndProject
Project("{FAE04EC0-301F-11D3-BF4B-00C04F79EFBC}") = "ZoneCodeGeneratorTests", "test\ZoneCodeGeneratorTests\ZoneCodeGeneratorTests.csproj", "{C29242DB-84D0-4A37-AD3F-19B72B23C7E0}"
EndProject
Project("{8BC9CEB8-8B4A-11D0-8D11-00A0C91BC942}") = "Crypto", "src\Crypto\Crypto.vcxproj", "{8D511FF0-0294-47EE-9AC4-BD9FE5DCC681}"
	ProjectSection(ProjectDependencies) = postProject
		{6A26AA97-96CF-4E2E-8883-47F0960F0E01} = {6A26AA97-96CF-4E2E-8883-47F0960F0E01}
		{599A7D9D-0CB8-4B99-AA2E-EA5EC081CF77} = {599A7D9D-0CB8-4B99-AA2E-EA5EC081CF77}
		{CCE930DE-1B5E-4925-8DD8-F1E4CC9F46C7} = {CCE930DE-1B5E-4925-8DD8-F1E4CC9F46C7}
	EndProjectSection
EndProject
Project("{8BC9CEB8-8B4A-11D0-8D11-00A0C91BC942}") = "Utils", "src\Utils\Utils.vcxproj", "{757FB12A-B410-4B76-B525-2D11A14DAD9D}"
EndProject
Project("{8BC9CEB8-8B4A-11D0-8D11-00A0C91BC942}") = "libsquish", "thirdparty\libsquish\libsquish.vcxproj", "{E4E28AD7-6C59-419B-9463-817AF6384AC5}"
EndProject
Project("{8BC9CEB8-8B4A-11D0-8D11-00A0C91BC942}") = "libtomcrypt", "thirdparty\libtomcrypt\libtomcrypt.vcxproj", "{CCE930DE-1B5E-4925-8DD8-F1E4CC9F46C7}"
EndProject
Project("{8BC9CEB8-8B4A-11D0-8D11-00A0C91BC942}") = "libtommath", "thirdparty\libtommath\libtommath.vcxproj", "{6A26AA97-96CF-4E2E-8883-47F0960F0E01}"
EndProject
Project("{8BC9CEB8-8B4A-11D0-8D11-00A0C91BC942}") = "minilzo", "thirdparty\minilzo\minilzo.vcxproj", "{4A4B90B9-1D76-4006-A1D7-D502DDD2C052}"
EndProject
Project("{8BC9CEB8-8B4A-11D0-8D11-00A0C91BC942}") = "minizip", "thirdparty\minizip\minizip.vcxproj", "{46297F21-4D05-4582-85EB-FD07B3243194}"
EndProject
Project("{8BC9CEB8-8B4A-11D0-8D11-00A0C91BC942}") = "salsa20", "thirdparty\salsa20\salsa20.vcxproj", "{599A7D9D-0CB8-4B99-AA2E-EA5EC081CF77}"
EndProject
Project("{8BC9CEB8-8B4A-11D0-8D11-00A0C91BC942}") = "zlib", "thirdparty\zlib\zlib.vcxproj", "{FC57DC08-3496-4DCF-B52F-6EDC568B333C}"
EndProject
Global
	GlobalSection(SolutionConfigurationPlatforms) = preSolution
		Debug|x64 = Debug|x64
		Debug|x86 = Debug|x86
		Release|x64 = Release|x64
		Release|x86 = Release|x86
	EndGlobalSection
	GlobalSection(ProjectConfigurationPlatforms) = postSolution
		{A70826FD-9A3E-498C-B5D6-585C4DA14FEB}.Debug|x64.ActiveCfg = Debug|x64
		{A70826FD-9A3E-498C-B5D6-585C4DA14FEB}.Debug|x64.Build.0 = Debug|x64
		{A70826FD-9A3E-498C-B5D6-585C4DA14FEB}.Debug|x86.ActiveCfg = Debug|Win32
		{A70826FD-9A3E-498C-B5D6-585C4DA14FEB}.Debug|x86.Build.0 = Debug|Win32
		{A70826FD-9A3E-498C-B5D6-585C4DA14FEB}.Release|x64.ActiveCfg = Release|x64
		{A70826FD-9A3E-498C-B5D6-585C4DA14FEB}.Release|x64.Build.0 = Release|x64
		{A70826FD-9A3E-498C-B5D6-585C4DA14FEB}.Release|x86.ActiveCfg = Debug|Win32
		{A70826FD-9A3E-498C-B5D6-585C4DA14FEB}.Release|x86.Build.0 = Release|Win32
		{2A92076F-6DFD-4FB1-9E6A-4542B4B049C7}.Debug|x64.ActiveCfg = Debug|x64
		{2A92076F-6DFD-4FB1-9E6A-4542B4B049C7}.Debug|x64.Build.0 = Debug|x64
		{2A92076F-6DFD-4FB1-9E6A-4542B4B049C7}.Debug|x86.ActiveCfg = Debug|Win32
		{2A92076F-6DFD-4FB1-9E6A-4542B4B049C7}.Debug|x86.Build.0 = Debug|Win32
		{2A92076F-6DFD-4FB1-9E6A-4542B4B049C7}.Release|x64.ActiveCfg = Release|x64
		{2A92076F-6DFD-4FB1-9E6A-4542B4B049C7}.Release|x64.Build.0 = Release|x64
		{2A92076F-6DFD-4FB1-9E6A-4542B4B049C7}.Release|x86.ActiveCfg = Debug|Win32
		{2A92076F-6DFD-4FB1-9E6A-4542B4B049C7}.Release|x86.Build.0 = Release|Win32
		{C3308B0A-D7C7-4560-B5F7-3654DD4B668D}.Debug|x64.ActiveCfg = Debug|x64
		{C3308B0A-D7C7-4560-B5F7-3654DD4B668D}.Debug|x64.Build.0 = Debug|x64
		{C3308B0A-D7C7-4560-B5F7-3654DD4B668D}.Debug|x86.ActiveCfg = Debug|Win32
		{C3308B0A-D7C7-4560-B5F7-3654DD4B668D}.Debug|x86.Build.0 = Debug|Win32
		{C3308B0A-D7C7-4560-B5F7-3654DD4B668D}.Release|x64.ActiveCfg = Release|x64
		{C3308B0A-D7C7-4560-B5F7-3654DD4B668D}.Release|x64.Build.0 = Release|x64
		{C3308B0A-D7C7-4560-B5F7-3654DD4B668D}.Release|x86.ActiveCfg = Debug|Win32
		{C3308B0A-D7C7-4560-B5F7-3654DD4B668D}.Release|x86.Build.0 = Release|Win32
		{B92A6638-68F9-45D2-AB03-6ED69E349381}.Debug|x64.ActiveCfg = Debug|x64
		{B92A6638-68F9-45D2-AB03-6ED69E349381}.Debug|x64.Build.0 = Debug|x64
		{B92A6638-68F9-45D2-AB03-6ED69E349381}.Debug|x86.ActiveCfg = Debug|Win32
		{B92A6638-68F9-45D2-AB03-6ED69E349381}.Debug|x86.Build.0 = Debug|Win32
		{B92A6638-68F9-45D2-AB03-6ED69E349381}.Release|x64.ActiveCfg = Release|x64
		{B92A6638-68F9-45D2-AB03-6ED69E349381}.Release|x64.Build.0 = Release|x64
		{B92A6638-68F9-45D2-AB03-6ED69E349381}.Release|x86.ActiveCfg = Debug|Win32
		{B92A6638-68F9-45D2-AB03-6ED69E349381}.Release|x86.Build.0 = Release|Win32
		{D1C20C32-9CB8-44B8-9DF7-F0CF8FB304D3}.Debug|x64.ActiveCfg = Debug|Any CPU
		{D1C20C32-9CB8-44B8-9DF7-F0CF8FB304D3}.Debug|x64.Build.0 = Debug|Any CPU
		{D1C20C32-9CB8-44B8-9DF7-F0CF8FB304D3}.Debug|x86.ActiveCfg = Debug|Any CPU
		{D1C20C32-9CB8-44B8-9DF7-F0CF8FB304D3}.Debug|x86.Build.0 = Debug|Any CPU
		{D1C20C32-9CB8-44B8-9DF7-F0CF8FB304D3}.Release|x64.ActiveCfg = Release|Any CPU
		{D1C20C32-9CB8-44B8-9DF7-F0CF8FB304D3}.Release|x64.Build.0 = Release|Any CPU
		{D1C20C32-9CB8-44B8-9DF7-F0CF8FB304D3}.Release|x86.ActiveCfg = Debug|Any CPU
		{D1C20C32-9CB8-44B8-9DF7-F0CF8FB304D3}.Release|x86.Build.0 = Debug|Any CPU
		{C29242DB-84D0-4A37-AD3F-19B72B23C7E0}.Debug|x64.ActiveCfg = Debug|Any CPU
		{C29242DB-84D0-4A37-AD3F-19B72B23C7E0}.Debug|x64.Build.0 = Debug|Any CPU
		{C29242DB-84D0-4A37-AD3F-19B72B23C7E0}.Debug|x86.ActiveCfg = Debug|Any CPU
		{C29242DB-84D0-4A37-AD3F-19B72B23C7E0}.Debug|x86.Build.0 = Debug|Any CPU
		{C29242DB-84D0-4A37-AD3F-19B72B23C7E0}.Release|x64.ActiveCfg = Release|Any CPU
		{C29242DB-84D0-4A37-AD3F-19B72B23C7E0}.Release|x64.Build.0 = Release|Any CPU
		{C29242DB-84D0-4A37-AD3F-19B72B23C7E0}.Release|x86.ActiveCfg = Debug|Any CPU
		{C29242DB-84D0-4A37-AD3F-19B72B23C7E0}.Release|x86.Build.0 = Debug|Any CPU
		{8D511FF0-0294-47EE-9AC4-BD9FE5DCC681}.Debug|x64.ActiveCfg = Debug|x64
		{8D511FF0-0294-47EE-9AC4-BD9FE5DCC681}.Debug|x64.Build.0 = Debug|x64
		{8D511FF0-0294-47EE-9AC4-BD9FE5DCC681}.Debug|x86.ActiveCfg = Debug|Win32
		{8D511FF0-0294-47EE-9AC4-BD9FE5DCC681}.Debug|x86.Build.0 = Debug|Win32
		{8D511FF0-0294-47EE-9AC4-BD9FE5DCC681}.Release|x64.ActiveCfg = Release|x64
		{8D511FF0-0294-47EE-9AC4-BD9FE5DCC681}.Release|x64.Build.0 = Release|x64
		{8D511FF0-0294-47EE-9AC4-BD9FE5DCC681}.Release|x86.ActiveCfg = Release|Win32
		{8D511FF0-0294-47EE-9AC4-BD9FE5DCC681}.Release|x86.Build.0 = Release|Win32
		{757FB12A-B410-4B76-B525-2D11A14DAD9D}.Debug|x64.ActiveCfg = Debug|x64
		{757FB12A-B410-4B76-B525-2D11A14DAD9D}.Debug|x64.Build.0 = Debug|x64
		{757FB12A-B410-4B76-B525-2D11A14DAD9D}.Debug|x86.ActiveCfg = Debug|Win32
		{757FB12A-B410-4B76-B525-2D11A14DAD9D}.Debug|x86.Build.0 = Debug|Win32
		{757FB12A-B410-4B76-B525-2D11A14DAD9D}.Release|x64.ActiveCfg = Release|x64
		{757FB12A-B410-4B76-B525-2D11A14DAD9D}.Release|x64.Build.0 = Release|x64
		{757FB12A-B410-4B76-B525-2D11A14DAD9D}.Release|x86.ActiveCfg = Release|Win32
		{757FB12A-B410-4B76-B525-2D11A14DAD9D}.Release|x86.Build.0 = Release|Win32
		{E4E28AD7-6C59-419B-9463-817AF6384AC5}.Debug|x64.ActiveCfg = Debug|x64
		{E4E28AD7-6C59-419B-9463-817AF6384AC5}.Debug|x64.Build.0 = Debug|x64
		{E4E28AD7-6C59-419B-9463-817AF6384AC5}.Debug|x86.ActiveCfg = Debug|Win32
		{E4E28AD7-6C59-419B-9463-817AF6384AC5}.Debug|x86.Build.0 = Debug|Win32
		{E4E28AD7-6C59-419B-9463-817AF6384AC5}.Release|x64.ActiveCfg = Release|x64
		{E4E28AD7-6C59-419B-9463-817AF6384AC5}.Release|x64.Build.0 = Release|x64
		{E4E28AD7-6C59-419B-9463-817AF6384AC5}.Release|x86.ActiveCfg = Release|Win32
		{E4E28AD7-6C59-419B-9463-817AF6384AC5}.Release|x86.Build.0 = Release|Win32
		{CCE930DE-1B5E-4925-8DD8-F1E4CC9F46C7}.Debug|x64.ActiveCfg = Debug|x64
		{CCE930DE-1B5E-4925-8DD8-F1E4CC9F46C7}.Debug|x64.Build.0 = Debug|x64
		{CCE930DE-1B5E-4925-8DD8-F1E4CC9F46C7}.Debug|x86.ActiveCfg = Debug|Win32
		{CCE930DE-1B5E-4925-8DD8-F1E4CC9F46C7}.Debug|x86.Build.0 = Debug|Win32
		{CCE930DE-1B5E-4925-8DD8-F1E4CC9F46C7}.Release|x64.ActiveCfg = Release|x64
		{CCE930DE-1B5E-4925-8DD8-F1E4CC9F46C7}.Release|x64.Build.0 = Release|x64
		{CCE930DE-1B5E-4925-8DD8-F1E4CC9F46C7}.Release|x86.ActiveCfg = Release|Win32
		{CCE930DE-1B5E-4925-8DD8-F1E4CC9F46C7}.Release|x86.Build.0 = Release|Win32
		{6A26AA97-96CF-4E2E-8883-47F0960F0E01}.Debug|x64.ActiveCfg = Debug|x64
		{6A26AA97-96CF-4E2E-8883-47F0960F0E01}.Debug|x64.Build.0 = Debug|x64
		{6A26AA97-96CF-4E2E-8883-47F0960F0E01}.Debug|x86.ActiveCfg = Debug|Win32
		{6A26AA97-96CF-4E2E-8883-47F0960F0E01}.Debug|x86.Build.0 = Debug|Win32
		{6A26AA97-96CF-4E2E-8883-47F0960F0E01}.Release|x64.ActiveCfg = Release|x64
		{6A26AA97-96CF-4E2E-8883-47F0960F0E01}.Release|x64.Build.0 = Release|x64
		{6A26AA97-96CF-4E2E-8883-47F0960F0E01}.Release|x86.ActiveCfg = Release|Win32
		{6A26AA97-96CF-4E2E-8883-47F0960F0E01}.Release|x86.Build.0 = Release|Win32
		{4A4B90B9-1D76-4006-A1D7-D502DDD2C052}.Debug|x64.ActiveCfg = Debug|x64
		{4A4B90B9-1D76-4006-A1D7-D502DDD2C052}.Debug|x64.Build.0 = Debug|x64
		{4A4B90B9-1D76-4006-A1D7-D502DDD2C052}.Debug|x86.ActiveCfg = Debug|Win32
		{4A4B90B9-1D76-4006-A1D7-D502DDD2C052}.Debug|x86.Build.0 = Debug|Win32
		{4A4B90B9-1D76-4006-A1D7-D502DDD2C052}.Release|x64.ActiveCfg = Release|x64
		{4A4B90B9-1D76-4006-A1D7-D502DDD2C052}.Release|x64.Build.0 = Release|x64
		{4A4B90B9-1D76-4006-A1D7-D502DDD2C052}.Release|x86.ActiveCfg = Release|Win32
		{4A4B90B9-1D76-4006-A1D7-D502DDD2C052}.Release|x86.Build.0 = Release|Win32
		{46297F21-4D05-4582-85EB-FD07B3243194}.Debug|x64.ActiveCfg = Debug|x64
		{46297F21-4D05-4582-85EB-FD07B3243194}.Debug|x64.Build.0 = Debug|x64
		{46297F21-4D05-4582-85EB-FD07B3243194}.Debug|x86.ActiveCfg = Debug|Win32
		{46297F21-4D05-4582-85EB-FD07B3243194}.Debug|x86.Build.0 = Debug|Win32
		{46297F21-4D05-4582-85EB-FD07B3243194}.Release|x64.ActiveCfg = Release|x64
		{46297F21-4D05-4582-85EB-FD07B3243194}.Release|x64.Build.0 = Release|x64
		{46297F21-4D05-4582-85EB-FD07B3243194}.Release|x86.ActiveCfg = Release|Win32
		{46297F21-4D05-4582-85EB-FD07B3243194}.Release|x86.Build.0 = Release|Win32
		{599A7D9D-0CB8-4B99-AA2E-EA5EC081CF77}.Debug|x64.ActiveCfg = Debug|x64
		{599A7D9D-0CB8-4B99-AA2E-EA5EC081CF77}.Debug|x64.Build.0 = Debug|x64
		{599A7D9D-0CB8-4B99-AA2E-EA5EC081CF77}.Debug|x86.ActiveCfg = Debug|Win32
		{599A7D9D-0CB8-4B99-AA2E-EA5EC081CF77}.Debug|x86.Build.0 = Debug|Win32
		{599A7D9D-0CB8-4B99-AA2E-EA5EC081CF77}.Release|x64.ActiveCfg = Release|x64
		{599A7D9D-0CB8-4B99-AA2E-EA5EC081CF77}.Release|x64.Build.0 = Release|x64
		{599A7D9D-0CB8-4B99-AA2E-EA5EC081CF77}.Release|x86.ActiveCfg = Release|Win32
		{599A7D9D-0CB8-4B99-AA2E-EA5EC081CF77}.Release|x86.Build.0 = Release|Win32
		{FC57DC08-3496-4DCF-B52F-6EDC568B333C}.Debug|x64.ActiveCfg = Debug|x64
		{FC57DC08-3496-4DCF-B52F-6EDC568B333C}.Debug|x64.Build.0 = Debug|x64
		{FC57DC08-3496-4DCF-B52F-6EDC568B333C}.Debug|x86.ActiveCfg = Debug|Win32
		{FC57DC08-3496-4DCF-B52F-6EDC568B333C}.Debug|x86.Build.0 = Debug|Win32
		{FC57DC08-3496-4DCF-B52F-6EDC568B333C}.Release|x64.ActiveCfg = Release|x64
		{FC57DC08-3496-4DCF-B52F-6EDC568B333C}.Release|x64.Build.0 = Release|x64
		{FC57DC08-3496-4DCF-B52F-6EDC568B333C}.Release|x86.ActiveCfg = Release|Win32
		{FC57DC08-3496-4DCF-B52F-6EDC568B333C}.Release|x86.Build.0 = Release|Win32
	EndGlobalSection
	GlobalSection(SolutionProperties) = preSolution
		HideSolutionNode = FALSE
	EndGlobalSection
	GlobalSection(NestedProjects) = preSolution
		{A70826FD-9A3E-498C-B5D6-585C4DA14FEB} = {EB945BC9-2451-4AB5-B434-BD07FAA2D06A}
		{2A92076F-6DFD-4FB1-9E6A-4542B4B049C7} = {6C048B51-3E90-45B8-8376-F3FFB5E216FC}
		{C3308B0A-D7C7-4560-B5F7-3654DD4B668D} = {6C048B51-3E90-45B8-8376-F3FFB5E216FC}
		{B92A6638-68F9-45D2-AB03-6ED69E349381} = {6C048B51-3E90-45B8-8376-F3FFB5E216FC}
		{D1C20C32-9CB8-44B8-9DF7-F0CF8FB304D3} = {6C048B51-3E90-45B8-8376-F3FFB5E216FC}
		{C29242DB-84D0-4A37-AD3F-19B72B23C7E0} = {4D65E9A0-1798-4E93-A12F-128FFDC6A690}
		{8D511FF0-0294-47EE-9AC4-BD9FE5DCC681} = {6C048B51-3E90-45B8-8376-F3FFB5E216FC}
		{757FB12A-B410-4B76-B525-2D11A14DAD9D} = {6C048B51-3E90-45B8-8376-F3FFB5E216FC}
		{E4E28AD7-6C59-419B-9463-817AF6384AC5} = {562895A0-B72F-4A89-9A10-DF97A5D35269}
		{CCE930DE-1B5E-4925-8DD8-F1E4CC9F46C7} = {562895A0-B72F-4A89-9A10-DF97A5D35269}
		{6A26AA97-96CF-4E2E-8883-47F0960F0E01} = {562895A0-B72F-4A89-9A10-DF97A5D35269}
		{4A4B90B9-1D76-4006-A1D7-D502DDD2C052} = {562895A0-B72F-4A89-9A10-DF97A5D35269}
		{46297F21-4D05-4582-85EB-FD07B3243194} = {562895A0-B72F-4A89-9A10-DF97A5D35269}
		{599A7D9D-0CB8-4B99-AA2E-EA5EC081CF77} = {562895A0-B72F-4A89-9A10-DF97A5D35269}
		{FC57DC08-3496-4DCF-B52F-6EDC568B333C} = {562895A0-B72F-4A89-9A10-DF97A5D35269}
	EndGlobalSection
	GlobalSection(ExtensibilityGlobals) = postSolution
		SolutionGuid = {FBB5097F-0C5C-439C-8E82-19EF614DE3BE}
	EndGlobalSection
EndGlobal
